{
  "version": 4,
  "terraform_version": "1.6.4",
  "serial": 52,
  "lineage": "45e3aa69-ebdf-07d1-c35c-15bf3ef9952d",
  "outputs": {
    "vcn_details-id": {
      "value": "vasu vcn OCID is ocid1.vcn.oc1.ap-mumbai-1.amaaaaaa7vfzyyaaepyaipy6d346gxdllqdgizhsn5nlt62tdx7jmavvf2ma",
      "type": "string"
    }
  },
  "resources": [
    {
      "mode": "managed",
      "type": "oci_core_internet_gateway",
      "name": "vasu_internet_gateway",
      "provider": "provider[\"registry.terraform.io/oracle/oci\"]",
      "instances": [
        {
          "schema_version": 0,
          "attributes": {
            "compartment_id": "ocid1.compartment.oc1..aaaaaaaalxfg47lum63hbcxxxy6rzfdroljoqq6kx7lpis26npyiutndf7kq",
            "defined_tags": {
              "Oracle-Tags.CreatedBy": "default/hvkataria12@gmail.com",
              "Oracle-Tags.CreatedOn": "2023-11-28T13:39:46.024Z"
            },
            "display_name": "VasuInternetGateway",
            "enabled": true,
            "freeform_tags": {},
            "id": "ocid1.internetgateway.oc1.ap-mumbai-1.aaaaaaaavvnt32d3ufrkgaep4zzaxezscbziogzl7are3vxjxefawl4el4ba",
            "route_table_id": null,
            "state": "AVAILABLE",
            "time_created": "2023-11-28 13:39:46.059 +0000 UTC",
            "timeouts": null,
            "vcn_id": "ocid1.vcn.oc1.ap-mumbai-1.amaaaaaa7vfzyyaaepyaipy6d346gxdllqdgizhsn5nlt62tdx7jmavvf2ma"
          },
          "sensitive_attributes": [],
          "private": "eyJlMmJmYjczMC1lY2FhLTExZTYtOGY4OC0zNDM2M2JjN2M0YzAiOnsiY3JlYXRlIjoxMjAwMDAwMDAwMDAwLCJkZWxldGUiOjEyMDAwMDAwMDAwMDAsInVwZGF0ZSI6MTIwMDAwMDAwMDAwMH19",
          "dependencies": [
            "oci_core_vcn.vasu_oke_vcn-new"
          ]
        }
      ]
    },
    {
      "mode": "managed",
      "type": "oci_core_nat_gateway",
      "name": "vasu_nat_gateway",
      "provider": "provider[\"registry.terraform.io/oracle/oci\"]",
      "instances": [
        {
          "schema_version": 0,
          "attributes": {
            "block_traffic": false,
            "compartment_id": "ocid1.compartment.oc1..aaaaaaaalxfg47lum63hbcxxxy6rzfdroljoqq6kx7lpis26npyiutndf7kq",
            "defined_tags": {
              "Oracle-Tags.CreatedBy": "default/hvkataria12@gmail.com",
              "Oracle-Tags.CreatedOn": "2023-11-28T13:39:46.057Z"
            },
            "display_name": "vasuNatGateway",
            "freeform_tags": {},
            "id": "ocid1.natgateway.oc1.ap-mumbai-1.aaaaaaaa7juxx6dlyk64g4knj5zgglj3saq5e4izqttvlas5i62pqjr7jpyq",
            "nat_ip": "155.248.254.132",
            "public_ip_id": "ocid1.publicip.oc1.ap-mumbai-1.aaaaaaaawd5wu3ejmq4j2t42o2u4p7hyvlhuk76eylpmurzspqhgvkgne5xa",
            "route_table_id": null,
            "state": "AVAILABLE",
            "time_created": "2023-11-28 13:39:46.454 +0000 UTC",
            "timeouts": null,
            "vcn_id": "ocid1.vcn.oc1.ap-mumbai-1.amaaaaaa7vfzyyaaepyaipy6d346gxdllqdgizhsn5nlt62tdx7jmavvf2ma"
          },
          "sensitive_attributes": [],
          "private": "eyJlMmJmYjczMC1lY2FhLTExZTYtOGY4OC0zNDM2M2JjN2M0YzAiOnsiY3JlYXRlIjoxMjAwMDAwMDAwMDAwLCJkZWxldGUiOjEyMDAwMDAwMDAwMDAsInVwZGF0ZSI6MTIwMDAwMDAwMDAwMH19",
          "dependencies": [
            "oci_core_vcn.vasu_oke_vcn-new"
          ]
        }
      ]
    },
    {
      "mode": "managed",
      "type": "oci_core_network_security_group",
      "name": "test_network_security_group",
      "provider": "provider[\"registry.terraform.io/oracle/oci\"]",
      "instances": [
        {
          "schema_version": 0,
          "attributes": {
            "compartment_id": "ocid1.compartment.oc1..aaaaaaaalxfg47lum63hbcxxxy6rzfdroljoqq6kx7lpis26npyiutndf7kq",
            "defined_tags": {
              "Oracle-Tags.CreatedBy": "default/hvkataria12@gmail.com",
              "Oracle-Tags.CreatedOn": "2023-11-28T13:39:45.682Z"
            },
            "display_name": "networksecuritygroup20231128133945",
            "freeform_tags": {},
            "id": "ocid1.networksecuritygroup.oc1.ap-mumbai-1.aaaaaaaagsekxylbasjfb5ymo3jt7bn3hn3i5jhg2lr56rcolic6k4wn4wxq",
            "state": "AVAILABLE",
            "time_created": "2023-11-28 13:39:45.866 +0000 UTC",
            "timeouts": null,
            "vcn_id": "ocid1.vcn.oc1.ap-mumbai-1.amaaaaaa7vfzyyaaepyaipy6d346gxdllqdgizhsn5nlt62tdx7jmavvf2ma"
          },
          "sensitive_attributes": [],
          "private": "eyJlMmJmYjczMC1lY2FhLTExZTYtOGY4OC0zNDM2M2JjN2M0YzAiOnsiY3JlYXRlIjoxMjAwMDAwMDAwMDAwLCJkZWxldGUiOjEyMDAwMDAwMDAwMDAsInVwZGF0ZSI6MTIwMDAwMDAwMDAwMH19",
          "dependencies": [
            "oci_core_vcn.vasu_oke_vcn-new"
          ]
        }
      ]
    },
    {
      "mode": "managed",
      "type": "oci_core_network_security_group_security_rule",
      "name": "allow_http",
      "provider": "provider[\"registry.terraform.io/oracle/oci\"]",
      "instances": [
        {
          "schema_version": 0,
          "attributes": {
            "description": "Allow http traffic",
            "destination": null,
            "destination_type": "",
            "direction": "INGRESS",
            "icmp_options": [],
            "id": "3CD322",
            "is_valid": true,
            "network_security_group_id": "ocid1.networksecuritygroup.oc1.ap-mumbai-1.aaaaaaaagsekxylbasjfb5ymo3jt7bn3hn3i5jhg2lr56rcolic6k4wn4wxq",
            "protocol": "6",
            "source": "0.0.0.0/0",
            "source_type": "CIDR_BLOCK",
            "stateless": false,
            "tcp_options": [
              {
                "destination_port_range": [
                  {
                    "max": 80,
                    "min": 80
                  }
                ],
                "source_port_range": []
              }
            ],
            "time_created": "2023-11-28 13:39:46.692 +0000 UTC",
            "timeouts": null,
            "udp_options": []
          },
          "sensitive_attributes": [],
          "private": "eyJlMmJmYjczMC1lY2FhLTExZTYtOGY4OC0zNDM2M2JjN2M0YzAiOnsiY3JlYXRlIjoxMjAwMDAwMDAwMDAwLCJkZWxldGUiOjEyMDAwMDAwMDAwMDAsInVwZGF0ZSI6MTIwMDAwMDAwMDAwMH19",
          "dependencies": [
            "oci_core_network_security_group.test_network_security_group",
            "oci_core_vcn.vasu_oke_vcn-new"
          ]
        }
      ]
    },
    {
      "mode": "managed",
      "type": "oci_core_network_security_group_security_rule",
      "name": "allow_ssh",
      "provider": "provider[\"registry.terraform.io/oracle/oci\"]",
      "instances": [
        {
          "schema_version": 0,
          "attributes": {
            "description": "Allow SSH traffic",
            "destination": null,
            "destination_type": "",
            "direction": "INGRESS",
            "icmp_options": [],
            "id": "813F68",
            "is_valid": true,
            "network_security_group_id": "ocid1.networksecuritygroup.oc1.ap-mumbai-1.aaaaaaaagsekxylbasjfb5ymo3jt7bn3hn3i5jhg2lr56rcolic6k4wn4wxq",
            "protocol": "6",
            "source": "0.0.0.0/0",
            "source_type": "CIDR_BLOCK",
            "stateless": false,
            "tcp_options": [
              {
                "destination_port_range": [
                  {
                    "max": 22,
                    "min": 22
                  }
                ],
                "source_port_range": []
              }
            ],
            "time_created": "2023-11-28 13:39:46.576 +0000 UTC",
            "timeouts": null,
            "udp_options": []
          },
          "sensitive_attributes": [],
          "private": "eyJlMmJmYjczMC1lY2FhLTExZTYtOGY4OC0zNDM2M2JjN2M0YzAiOnsiY3JlYXRlIjoxMjAwMDAwMDAwMDAwLCJkZWxldGUiOjEyMDAwMDAwMDAwMDAsInVwZGF0ZSI6MTIwMDAwMDAwMDAwMH19",
          "dependencies": [
            "oci_core_network_security_group.test_network_security_group",
            "oci_core_vcn.vasu_oke_vcn-new"
          ]
        }
      ]
    },
    {
      "mode": "managed",
      "type": "oci_core_route_table",
      "name": "private_route_table",
      "provider": "provider[\"registry.terraform.io/oracle/oci\"]",
      "instances": [
        {
          "schema_version": 0,
          "attributes": {
            "compartment_id": "ocid1.compartment.oc1..aaaaaaaalxfg47lum63hbcxxxy6rzfdroljoqq6kx7lpis26npyiutndf7kq",
            "defined_tags": {
              "Oracle-Tags.CreatedBy": "default/hvkataria12@gmail.com",
              "Oracle-Tags.CreatedOn": "2023-11-28T13:39:47.773Z"
            },
            "display_name": "vasu-private-route-table",
            "freeform_tags": {},
            "id": "ocid1.routetable.oc1.ap-mumbai-1.aaaaaaaauqmolpk6czenqekxeemxxbaf5x33xac2ezwblvbibcifoe23f7ha",
            "route_rules": [
              {
                "cidr_block": "",
                "description": "",
                "destination": "0.0.0.0/0",
                "destination_type": "CIDR_BLOCK",
                "network_entity_id": "ocid1.natgateway.oc1.ap-mumbai-1.aaaaaaaa7juxx6dlyk64g4knj5zgglj3saq5e4izqttvlas5i62pqjr7jpyq",
                "route_type": ""
              }
            ],
            "state": "AVAILABLE",
            "time_created": "2023-11-28 13:39:47.793 +0000 UTC",
            "timeouts": null,
            "vcn_id": "ocid1.vcn.oc1.ap-mumbai-1.amaaaaaa7vfzyyaaepyaipy6d346gxdllqdgizhsn5nlt62tdx7jmavvf2ma"
          },
          "sensitive_attributes": [],
          "private": "eyJlMmJmYjczMC1lY2FhLTExZTYtOGY4OC0zNDM2M2JjN2M0YzAiOnsiY3JlYXRlIjoxMjAwMDAwMDAwMDAwLCJkZWxldGUiOjEyMDAwMDAwMDAwMDAsInVwZGF0ZSI6MTIwMDAwMDAwMDAwMH19",
          "dependencies": [
            "oci_core_nat_gateway.vasu_nat_gateway",
            "oci_core_vcn.vasu_oke_vcn-new"
          ]
        }
      ]
    },
    {
      "mode": "managed",
      "type": "oci_core_route_table",
      "name": "vasupublic_route_table",
      "provider": "provider[\"registry.terraform.io/oracle/oci\"]",
      "instances": [
        {
          "schema_version": 0,
          "attributes": {
            "compartment_id": "ocid1.compartment.oc1..aaaaaaaalxfg47lum63hbcxxxy6rzfdroljoqq6kx7lpis26npyiutndf7kq",
            "defined_tags": {
              "Oracle-Tags.CreatedBy": "default/hvkataria12@gmail.com",
              "Oracle-Tags.CreatedOn": "2023-11-28T13:39:47.205Z"
            },
            "display_name": "vasu-public-route-table",
            "freeform_tags": {},
            "id": "ocid1.routetable.oc1.ap-mumbai-1.aaaaaaaa7zsu7owglqtmxgckbnjzlra7r2ujeqjt62pmxm36wnu7d5nh4nua",
            "route_rules": [
              {
                "cidr_block": "",
                "description": "",
                "destination": "0.0.0.0/0",
                "destination_type": "CIDR_BLOCK",
                "network_entity_id": "ocid1.internetgateway.oc1.ap-mumbai-1.aaaaaaaavvnt32d3ufrkgaep4zzaxezscbziogzl7are3vxjxefawl4el4ba",
                "route_type": ""
              }
            ],
            "state": "AVAILABLE",
            "time_created": "2023-11-28 13:39:47.225 +0000 UTC",
            "timeouts": null,
            "vcn_id": "ocid1.vcn.oc1.ap-mumbai-1.amaaaaaa7vfzyyaaepyaipy6d346gxdllqdgizhsn5nlt62tdx7jmavvf2ma"
          },
          "sensitive_attributes": [],
          "private": "eyJlMmJmYjczMC1lY2FhLTExZTYtOGY4OC0zNDM2M2JjN2M0YzAiOnsiY3JlYXRlIjoxMjAwMDAwMDAwMDAwLCJkZWxldGUiOjEyMDAwMDAwMDAwMDAsInVwZGF0ZSI6MTIwMDAwMDAwMDAwMH19",
          "dependencies": [
            "oci_core_internet_gateway.vasu_internet_gateway",
            "oci_core_vcn.vasu_oke_vcn-new"
          ]
        }
      ]
    },
    {
      "mode": "managed",
      "type": "oci_core_security_list",
      "name": "vasu_security_list",
      "provider": "provider[\"registry.terraform.io/oracle/oci\"]",
      "instances": [
        {
          "schema_version": 0,
          "attributes": {
            "compartment_id": "ocid1.compartment.oc1..aaaaaaaalxfg47lum63hbcxxxy6rzfdroljoqq6kx7lpis26npyiutndf7kq",
            "defined_tags": {
              "Oracle-Tags.CreatedBy": "default/hvkataria12@gmail.com",
              "Oracle-Tags.CreatedOn": "2023-11-28T13:39:46.049Z"
            },
            "display_name": "vasu-SecurityList",
            "egress_security_rules": [
              {
                "description": "",
                "destination": "0.0.0.0/0",
                "destination_type": "CIDR_BLOCK",
                "icmp_options": [],
                "protocol": "all",
                "stateless": false,
                "tcp_options": [],
                "udp_options": []
              }
            ],
            "freeform_tags": {},
            "id": "ocid1.securitylist.oc1.ap-mumbai-1.aaaaaaaacrmmtp2nfh2zkpbjvmhpxdc7u6fmf6vzxl3ug5kh6mdw43ckv6eq",
            "ingress_security_rules": [
              {
                "description": "",
                "icmp_options": [],
                "protocol": "6",
                "source": "0.0.0.0/0",
                "source_type": "CIDR_BLOCK",
                "stateless": false,
                "tcp_options": [
                  {
                    "max": 22,
                    "min": 22,
                    "source_port_range": []
                  }
                ],
                "udp_options": []
              },
              {
                "description": "",
                "icmp_options": [],
                "protocol": "6",
                "source": "0.0.0.0/0",
                "source_type": "CIDR_BLOCK",
                "stateless": false,
                "tcp_options": [
                  {
                    "max": 80,
                    "min": 80,
                    "source_port_range": []
                  }
                ],
                "udp_options": []
              }
            ],
            "state": "AVAILABLE",
            "time_created": "2023-11-28 13:39:46.107 +0000 UTC",
            "timeouts": null,
            "vcn_id": "ocid1.vcn.oc1.ap-mumbai-1.amaaaaaa7vfzyyaaepyaipy6d346gxdllqdgizhsn5nlt62tdx7jmavvf2ma"
          },
          "sensitive_attributes": [],
          "private": "eyJlMmJmYjczMC1lY2FhLTExZTYtOGY4OC0zNDM2M2JjN2M0YzAiOnsiY3JlYXRlIjoxMjAwMDAwMDAwMDAwLCJkZWxldGUiOjEyMDAwMDAwMDAwMDAsInVwZGF0ZSI6MTIwMDAwMDAwMDAwMH19",
          "dependencies": [
            "oci_core_vcn.vasu_oke_vcn-new"
          ]
        }
      ]
    },
    {
      "mode": "managed",
      "type": "oci_core_subnet",
      "name": "private_subnet",
      "provider": "provider[\"registry.terraform.io/oracle/oci\"]",
      "instances": [
        {
          "schema_version": 0,
          "attributes": {
            "availability_domain": null,
            "cidr_block": "10.0.20.0/24",
            "compartment_id": "ocid1.compartment.oc1..aaaaaaaalxfg47lum63hbcxxxy6rzfdroljoqq6kx7lpis26npyiutndf7kq",
            "defined_tags": {
              "Oracle-Tags.CreatedBy": "default/hvkataria12@gmail.com",
              "Oracle-Tags.CreatedOn": "2023-11-28T13:39:46.025Z"
            },
            "dhcp_options_id": "ocid1.dhcpoptions.oc1.ap-mumbai-1.aaaaaaaabvjxebcd3vvhuvbiydwysuf6mlae74tuzc7dsoiiwa2uo3lfyv2a",
            "display_name": "vasu-PrivateSubnet",
            "dns_label": null,
            "freeform_tags": {},
            "id": "ocid1.subnet.oc1.ap-mumbai-1.aaaaaaaapzs34urognnusabnejjcycusxkgwkmrigohn4iatwh7y4rroucna",
            "ipv6cidr_block": null,
            "ipv6cidr_blocks": [],
            "ipv6virtual_router_ip": null,
            "prohibit_internet_ingress": false,
            "prohibit_public_ip_on_vnic": false,
            "route_table_id": "ocid1.routetable.oc1.ap-mumbai-1.aaaaaaaaxygja73jarzg7wvc3kxypkktfafjtfofuzzlseqgjeig5g6i6xyq",
            "security_list_ids": [
              "ocid1.securitylist.oc1.ap-mumbai-1.aaaaaaaajfdgbdg7hygtikkns3cnuzvl4yapjvbq6yzyx3kqbxunhrhelndq"
            ],
            "state": "AVAILABLE",
            "subnet_domain_name": null,
            "time_created": "2023-11-28 13:39:46.074 +0000 UTC",
            "timeouts": null,
            "vcn_id": "ocid1.vcn.oc1.ap-mumbai-1.amaaaaaa7vfzyyaaepyaipy6d346gxdllqdgizhsn5nlt62tdx7jmavvf2ma",
            "virtual_router_ip": "10.0.20.1",
            "virtual_router_mac": "00:00:17:24:8A:BC"
          },
          "sensitive_attributes": [],
          "private": "eyJlMmJmYjczMC1lY2FhLTExZTYtOGY4OC0zNDM2M2JjN2M0YzAiOnsiY3JlYXRlIjoxMjAwMDAwMDAwMDAwLCJkZWxldGUiOjEyMDAwMDAwMDAwMDAsInVwZGF0ZSI6MTIwMDAwMDAwMDAwMH19",
          "dependencies": [
            "oci_core_vcn.vasu_oke_vcn-new"
          ]
        }
      ]
    },
    {
      "mode": "managed",
      "type": "oci_core_subnet",
      "name": "public_subnet",
      "provider": "provider[\"registry.terraform.io/oracle/oci\"]",
      "instances": [
        {
          "schema_version": 0,
          "attributes": {
            "availability_domain": null,
            "cidr_block": "10.0.10.0/24",
            "compartment_id": "ocid1.compartment.oc1..aaaaaaaalxfg47lum63hbcxxxy6rzfdroljoqq6kx7lpis26npyiutndf7kq",
            "defined_tags": {
              "Oracle-Tags.CreatedBy": "default/hvkataria12@gmail.com",
              "Oracle-Tags.CreatedOn": "2023-11-28T13:39:47.838Z"
            },
            "dhcp_options_id": "ocid1.dhcpoptions.oc1.ap-mumbai-1.aaaaaaaabvjxebcd3vvhuvbiydwysuf6mlae74tuzc7dsoiiwa2uo3lfyv2a",
            "display_name": "vasu-PublicSubnet",
            "dns_label": null,
            "freeform_tags": {},
            "id": "ocid1.subnet.oc1.ap-mumbai-1.aaaaaaaavg7cg6miescvr5vuma6uv6pyyoltrha7vfq5irmr672ajfzwf7da",
            "ipv6cidr_block": null,
            "ipv6cidr_blocks": [],
            "ipv6virtual_router_ip": null,
            "prohibit_internet_ingress": false,
            "prohibit_public_ip_on_vnic": false,
            "route_table_id": "ocid1.routetable.oc1.ap-mumbai-1.aaaaaaaa7zsu7owglqtmxgckbnjzlra7r2ujeqjt62pmxm36wnu7d5nh4nua",
            "security_list_ids": [
              "ocid1.securitylist.oc1.ap-mumbai-1.aaaaaaaajfdgbdg7hygtikkns3cnuzvl4yapjvbq6yzyx3kqbxunhrhelndq"
            ],
            "state": "AVAILABLE",
            "subnet_domain_name": null,
            "time_created": "2023-11-28 13:39:47.875 +0000 UTC",
            "timeouts": null,
            "vcn_id": "ocid1.vcn.oc1.ap-mumbai-1.amaaaaaa7vfzyyaaepyaipy6d346gxdllqdgizhsn5nlt62tdx7jmavvf2ma",
            "virtual_router_ip": "10.0.10.1",
            "virtual_router_mac": "00:00:17:24:8A:BC"
          },
          "sensitive_attributes": [],
          "private": "eyJlMmJmYjczMC1lY2FhLTExZTYtOGY4OC0zNDM2M2JjN2M0YzAiOnsiY3JlYXRlIjoxMjAwMDAwMDAwMDAwLCJkZWxldGUiOjEyMDAwMDAwMDAwMDAsInVwZGF0ZSI6MTIwMDAwMDAwMDAwMH19",
          "dependencies": [
            "oci_core_internet_gateway.vasu_internet_gateway",
            "oci_core_route_table.vasupublic_route_table",
            "oci_core_vcn.vasu_oke_vcn-new"
          ]
        }
      ]
    },
    {
      "mode": "managed",
      "type": "oci_core_vcn",
      "name": "vasu_oke_vcn-new",
      "provider": "provider[\"registry.terraform.io/oracle/oci\"]",
      "instances": [
        {
          "schema_version": 0,
          "attributes": {
            "byoipv6cidr_blocks": [],
            "byoipv6cidr_details": null,
            "cidr_block": "10.0.0.0/16",
            "cidr_blocks": [
              "10.0.0.0/16"
            ],
            "compartment_id": "ocid1.compartment.oc1..aaaaaaaalxfg47lum63hbcxxxy6rzfdroljoqq6kx7lpis26npyiutndf7kq",
            "default_dhcp_options_id": "ocid1.dhcpoptions.oc1.ap-mumbai-1.aaaaaaaabvjxebcd3vvhuvbiydwysuf6mlae74tuzc7dsoiiwa2uo3lfyv2a",
            "default_route_table_id": "ocid1.routetable.oc1.ap-mumbai-1.aaaaaaaaxygja73jarzg7wvc3kxypkktfafjtfofuzzlseqgjeig5g6i6xyq",
            "default_security_list_id": "ocid1.securitylist.oc1.ap-mumbai-1.aaaaaaaajfdgbdg7hygtikkns3cnuzvl4yapjvbq6yzyx3kqbxunhrhelndq",
            "defined_tags": {
              "Oracle-Tags.CreatedBy": "default/hvkataria12@gmail.com",
              "Oracle-Tags.CreatedOn": "2023-11-28T13:39:44.561Z"
            },
            "display_name": "vasu-terraform-vcn-new",
            "dns_label": "vasuvcn1",
            "freeform_tags": {},
            "id": "ocid1.vcn.oc1.ap-mumbai-1.amaaaaaa7vfzyyaaepyaipy6d346gxdllqdgizhsn5nlt62tdx7jmavvf2ma",
            "ipv6cidr_blocks": [],
            "ipv6private_cidr_blocks": [],
            "is_ipv6enabled": false,
            "is_oracle_gua_allocation_enabled": null,
            "state": "AVAILABLE",
            "time_created": "2023-11-28 13:39:44.656 +0000 UTC",
            "timeouts": null,
            "vcn_domain_name": "vasuvcn1.oraclevcn.com"
          },
          "sensitive_attributes": [],
          "private": "eyJlMmJmYjczMC1lY2FhLTExZTYtOGY4OC0zNDM2M2JjN2M0YzAiOnsiY3JlYXRlIjoxMjAwMDAwMDAwMDAwLCJkZWxldGUiOjEyMDAwMDAwMDAwMDAsInVwZGF0ZSI6MTIwMDAwMDAwMDAwMH19"
        }
      ]
    }
  ],
  "check_results": null
}
